
Microsoft Visual Studio Solution File, Format Version 12.00
# Visual Studio 15
VisualStudioVersion = 15.0.28307.1145
MinimumVisualStudioVersion = 10.0.40219.1
Project("{FAE04EC0-301F-11D3-BF4B-00C04F79EFBC}") = "KeyInputTest", "KeyInputTest\KeyInputTest.csproj", "{C64A47EF-BCE3-415C-961A-D32E002A43D3}"
EndProject
Global
	GlobalSection(SolutionConfigurationPlatforms) = preSolution
		Debug|Any CPU = Debug|Any CPU
		Release|Any CPU = Release|Any CPU
	EndGlobalSection
	GlobalSection(ProjectConfigurationPlatforms) = postSolution
		{C64A47EF-BCE3-415C-961A-D32E002A43D3}.Debug|Any CPU.ActiveCfg = Debug|Any CPU
		{C64A47EF-BCE3-415C-961A-D32E002A43D3}.Debug|Any CPU.Build.0 = Debug|Any CPU
		{C64A47EF-BCE3-415C-961A-D32E002A43D3}.Release|Any CPU.ActiveCfg = Release|Any CPU
		{C64A47EF-BCE3-415C-961A-D32E002A43D3}.Release|Any CPU.Build.0 = Release|Any CPU
	EndGlobalSection
	GlobalSection(SolutionProperties) = preSolution
		HideSolutionNode = FALSE
	EndGlobalSection
	GlobalSection(ExtensibilityGlobals) = postSolution
		SolutionGuid = {693095D7-110A-4717-AB1B-7D051245B43D}
	EndGlobalSection
EndGlobal
